
Microsoft Visual Studio Solution File, Format Version 12.00
# Visual Studio Version 16
VisualStudioVersion = 16.0.29911.84
MinimumVisualStudioVersion = 10.0.40219.1
Project("{D954291E-2A0B-460D-934E-DC6B0785DB48}") = "TestConsoleDead.Shared", "TestConsoleDead.Shared\TestConsoleDead.Shared.shproj", "{6279C845-92F8-4333-AB99-3D213163593C}"
EndProject
Project("{FAE04EC0-301F-11D3-BF4B-00C04F79EFBC}") = "TestConsoleDead.Droid", "TestConsoleDead.Droid\TestConsoleDead.Droid.csproj", "{5B31012F-AEF6-49A9-8E60-8264B5DB7016}"
EndProject
Project("{FAE04EC0-301F-11D3-BF4B-00C04F79EFBC}") = "TestConsoleDead.iOS", "TestConsoleDead.iOS\TestConsoleDead.iOS.csproj", "{B658597C-8B60-48BB-B313-EDB491CDBC22}"
EndProject
Project("{FAE04EC0-301F-11D3-BF4B-00C04F79EFBC}") = "TestConsoleDead.UWP", "TestConsoleDead.UWP\TestConsoleDead.UWP.csproj", "{E41EDE1F-01DA-4BD9-9758-3B6FDA9C4C45}"
EndProject
Project("{9A19103F-16F7-4668-BE54-9A1E7A4F7556}") = "TestConsoleDead.Wasm", "TestConsoleDead.Wasm\TestConsoleDead.Wasm.csproj", "{683F9E80-C4C9-4846-8511-72B071E6343B}"
EndProject
Global
	GlobalSection(SharedMSBuildProjectFiles) = preSolution
		TestConsoleDead.Shared\TestConsoleDead.Shared.projitems*{6279c845-92f8-4333-ab99-3d213163593c}*SharedItemsImports = 13
		TestConsoleDead.Shared\TestConsoleDead.Shared.projitems*{683f9e80-c4c9-4846-8511-72b071e6343b}*SharedItemsImports = 5
		TestConsoleDead.Shared\TestConsoleDead.Shared.projitems*{e41ede1f-01da-4bd9-9758-3b6fda9c4c45}*SharedItemsImports = 4
	EndGlobalSection
	GlobalSection(SolutionConfigurationPlatforms) = preSolution
		Ad-Hoc|Any CPU = Ad-Hoc|Any CPU
		Ad-Hoc|ARM = Ad-Hoc|ARM
		Ad-Hoc|ARM64 = Ad-Hoc|ARM64
		Ad-Hoc|iPhone = Ad-Hoc|iPhone
		Ad-Hoc|iPhoneSimulator = Ad-Hoc|iPhoneSimulator
		Ad-Hoc|x64 = Ad-Hoc|x64
		Ad-Hoc|x86 = Ad-Hoc|x86
		AppStore|Any CPU = AppStore|Any CPU
		AppStore|ARM = AppStore|ARM
		AppStore|ARM64 = AppStore|ARM64
		AppStore|iPhone = AppStore|iPhone
		AppStore|iPhoneSimulator = AppStore|iPhoneSimulator
		AppStore|x64 = AppStore|x64
		AppStore|x86 = AppStore|x86
		Debug|Any CPU = Debug|Any CPU
		Debug|ARM = Debug|ARM
		Debug|ARM64 = Debug|ARM64
		Debug|iPhone = Debug|iPhone
		Debug|iPhoneSimulator = Debug|iPhoneSimulator
		Debug|x64 = Debug|x64
		Debug|x86 = Debug|x86
		Release|Any CPU = Release|Any CPU
		Release|ARM = Release|ARM
		Release|ARM64 = Release|ARM64
		Release|iPhone = Release|iPhone
		Release|iPhoneSimulator = Release|iPhoneSimulator
		Release|x64 = Release|x64
		Release|x86 = Release|x86
	EndGlobalSection
	GlobalSection(ProjectConfigurationPlatforms) = postSolution
		{5B31012F-AEF6-49A9-8E60-8264B5DB7016}.Ad-Hoc|Any CPU.ActiveCfg = Release|Any CPU
		{5B31012F-AEF6-49A9-8E60-8264B5DB7016}.Ad-Hoc|Any CPU.Build.0 = Release|Any CPU
		{5B31012F-AEF6-49A9-8E60-8264B5DB7016}.Ad-Hoc|Any CPU.Deploy.0 = Release|Any CPU
		{5B31012F-AEF6-49A9-8E60-8264B5DB7016}.Ad-Hoc|ARM.ActiveCfg = Release|Any CPU
		{5B31012F-AEF6-49A9-8E60-8264B5DB7016}.Ad-Hoc|ARM.Build.0 = Release|Any CPU
		{5B31012F-AEF6-49A9-8E60-8264B5DB7016}.Ad-Hoc|ARM.Deploy.0 = Release|Any CPU
		{5B31012F-AEF6-49A9-8E60-8264B5DB7016}.Ad-Hoc|ARM64.ActiveCfg = Release|Any CPU
		{5B31012F-AEF6-49A9-8E60-8264B5DB7016}.Ad-Hoc|ARM64.Build.0 = Release|Any CPU
		{5B31012F-AEF6-49A9-8E60-8264B5DB7016}.Ad-Hoc|ARM64.Deploy.0 = Release|Any CPU
		{5B31012F-AEF6-49A9-8E60-8264B5DB7016}.Ad-Hoc|iPhone.ActiveCfg = Release|Any CPU
		{5B31012F-AEF6-49A9-8E60-8264B5DB7016}.Ad-Hoc|iPhone.Build.0 = Release|Any CPU
		{5B31012F-AEF6-49A9-8E60-8264B5DB7016}.Ad-Hoc|iPhone.Deploy.0 = Release|Any CPU
		{5B31012F-AEF6-49A9-8E60-8264B5DB7016}.Ad-Hoc|iPhoneSimulator.ActiveCfg = Release|Any CPU
		{5B31012F-AEF6-49A9-8E60-8264B5DB7016}.Ad-Hoc|iPhoneSimulator.Build.0 = Release|Any CPU
		{5B31012F-AEF6-49A9-8E60-8264B5DB7016}.Ad-Hoc|iPhoneSimulator.Deploy.0 = Release|Any CPU
		{5B31012F-AEF6-49A9-8E60-8264B5DB7016}.Ad-Hoc|x64.ActiveCfg = Release|Any CPU
		{5B31012F-AEF6-49A9-8E60-8264B5DB7016}.Ad-Hoc|x64.Build.0 = Release|Any CPU
		{5B31012F-AEF6-49A9-8E60-8264B5DB7016}.Ad-Hoc|x64.Deploy.0 = Release|Any CPU
		{5B31012F-AEF6-49A9-8E60-8264B5DB7016}.Ad-Hoc|x86.ActiveCfg = Release|Any CPU
		{5B31012F-AEF6-49A9-8E60-8264B5DB7016}.Ad-Hoc|x86.Build.0 = Release|Any CPU
		{5B31012F-AEF6-49A9-8E60-8264B5DB7016}.Ad-Hoc|x86.Deploy.0 = Release|Any CPU
		{5B31012F-AEF6-49A9-8E60-8264B5DB7016}.AppStore|Any CPU.ActiveCfg = Release|Any CPU
		{5B31012F-AEF6-49A9-8E60-8264B5DB7016}.AppStore|Any CPU.Build.0 = Release|Any CPU
		{5B31012F-AEF6-49A9-8E60-8264B5DB7016}.AppStore|Any CPU.Deploy.0 = Release|Any CPU
		{5B31012F-AEF6-49A9-8E60-8264B5DB7016}.AppStore|ARM.ActiveCfg = Release|Any CPU
		{5B31012F-AEF6-49A9-8E60-8264B5DB7016}.AppStore|ARM.Build.0 = Release|Any CPU
		{5B31012F-AEF6-49A9-8E60-8264B5DB7016}.AppStore|ARM.Deploy.0 = Release|Any CPU
		{5B31012F-AEF6-49A9-8E60-8264B5DB7016}.AppStore|ARM64.ActiveCfg = Release|Any CPU
		{5B31012F-AEF6-49A9-8E60-8264B5DB7016}.AppStore|ARM64.Build.0 = Release|Any CPU
		{5B31012F-AEF6-49A9-8E60-8264B5DB7016}.AppStore|ARM64.Deploy.0 = Release|Any CPU
		{5B31012F-AEF6-49A9-8E60-8264B5DB7016}.AppStore|iPhone.ActiveCfg = Release|Any CPU
		{5B31012F-AEF6-49A9-8E60-8264B5DB7016}.AppStore|iPhone.Build.0 = Release|Any CPU
		{5B31012F-AEF6-49A9-8E60-8264B5DB7016}.AppStore|iPhone.Deploy.0 = Release|Any CPU
		{5B31012F-AEF6-49A9-8E60-8264B5DB7016}.AppStore|iPhoneSimulator.ActiveCfg = Release|Any CPU
		{5B31012F-AEF6-49A9-8E60-8264B5DB7016}.AppStore|iPhoneSimulator.Build.0 = Release|Any CPU
		{5B31012F-AEF6-49A9-8E60-8264B5DB7016}.AppStore|iPhoneSimulator.Deploy.0 = Release|Any CPU
		{5B31012F-AEF6-49A9-8E60-8264B5DB7016}.AppStore|x64.ActiveCfg = Release|Any CPU
		{5B31012F-AEF6-49A9-8E60-8264B5DB7016}.AppStore|x64.Build.0 = Release|Any CPU
		{5B31012F-AEF6-49A9-8E60-8264B5DB7016}.AppStore|x64.Deploy.0 = Release|Any CPU
		{5B31012F-AEF6-49A9-8E60-8264B5DB7016}.AppStore|x86.ActiveCfg = Release|Any CPU
		{5B31012F-AEF6-49A9-8E60-8264B5DB7016}.AppStore|x86.Build.0 = Release|Any CPU
		{5B31012F-AEF6-49A9-8E60-8264B5DB7016}.AppStore|x86.Deploy.0 = Release|Any CPU
		{5B31012F-AEF6-49A9-8E60-8264B5DB7016}.Debug|Any CPU.ActiveCfg = Debug|Any CPU
		{5B31012F-AEF6-49A9-8E60-8264B5DB7016}.Debug|Any CPU.Build.0 = Debug|Any CPU
		{5B31012F-AEF6-49A9-8E60-8264B5DB7016}.Debug|Any CPU.Deploy.0 = Debug|Any CPU
		{5B31012F-AEF6-49A9-8E60-8264B5DB7016}.Debug|ARM.ActiveCfg = Debug|Any CPU
		{5B31012F-AEF6-49A9-8E60-8264B5DB7016}.Debug|ARM.Build.0 = Debug|Any CPU
		{5B31012F-AEF6-49A9-8E60-8264B5DB7016}.Debug|ARM.Deploy.0 = Debug|Any CPU
		{5B31012F-AEF6-49A9-8E60-8264B5DB7016}.Debug|ARM64.ActiveCfg = Debug|Any CPU
		{5B31012F-AEF6-49A9-8E60-8264B5DB7016}.Debug|ARM64.Build.0 = Debug|Any CPU
		{5B31012F-AEF6-49A9-8E60-8264B5DB7016}.Debug|ARM64.Deploy.0 = Debug|Any CPU
		{5B31012F-AEF6-49A9-8E60-8264B5DB7016}.Debug|iPhone.ActiveCfg = Debug|Any CPU
		{5B31012F-AEF6-49A9-8E60-8264B5DB7016}.Debug|iPhone.Build.0 = Debug|Any CPU
		{5B31012F-AEF6-49A9-8E60-8264B5DB7016}.Debug|iPhone.Deploy.0 = Debug|Any CPU
		{5B31012F-AEF6-49A9-8E60-8264B5DB7016}.Debug|iPhoneSimulator.ActiveCfg = Debug|Any CPU
		{5B31012F-AEF6-49A9-8E60-8264B5DB7016}.Debug|iPhoneSimulator.Build.0 = Debug|Any CPU
		{5B31012F-AEF6-49A9-8E60-8264B5DB7016}.Debug|iPhoneSimulator.Deploy.0 = Debug|Any CPU
		{5B31012F-AEF6-49A9-8E60-8264B5DB7016}.Debug|x64.ActiveCfg = Debug|Any CPU
		{5B31012F-AEF6-49A9-8E60-8264B5DB7016}.Debug|x64.Build.0 = Debug|Any CPU
		{5B31012F-AEF6-49A9-8E60-8264B5DB7016}.Debug|x64.Deploy.0 = Debug|Any CPU
		{5B31012F-AEF6-49A9-8E60-8264B5DB7016}.Debug|x86.ActiveCfg = Debug|Any CPU
		{5B31012F-AEF6-49A9-8E60-8264B5DB7016}.Debug|x86.Build.0 = Debug|Any CPU
		{5B31012F-AEF6-49A9-8E60-8264B5DB7016}.Debug|x86.Deploy.0 = Debug|Any CPU
		{5B31012F-AEF6-49A9-8E60-8264B5DB7016}.Release|Any CPU.ActiveCfg = Release|Any CPU
		{5B31012F-AEF6-49A9-8E60-8264B5DB7016}.Release|Any CPU.Build.0 = Release|Any CPU
		{5B31012F-AEF6-49A9-8E60-8264B5DB7016}.Release|Any CPU.Deploy.0 = Release|Any CPU
		{5B31012F-AEF6-49A9-8E60-8264B5DB7016}.Release|ARM.ActiveCfg = Release|Any CPU
		{5B31012F-AEF6-49A9-8E60-8264B5DB7016}.Release|ARM.Build.0 = Release|Any CPU
		{5B31012F-AEF6-49A9-8E60-8264B5DB7016}.Release|ARM.Deploy.0 = Release|Any CPU
		{5B31012F-AEF6-49A9-8E60-8264B5DB7016}.Release|ARM64.ActiveCfg = Release|Any CPU
		{5B31012F-AEF6-49A9-8E60-8264B5DB7016}.Release|ARM64.Build.0 = Release|Any CPU
		{5B31012F-AEF6-49A9-8E60-8264B5DB7016}.Release|ARM64.Deploy.0 = Release|Any CPU
		{5B31012F-AEF6-49A9-8E60-8264B5DB7016}.Release|iPhone.ActiveCfg = Release|Any CPU
		{5B31012F-AEF6-49A9-8E60-8264B5DB7016}.Release|iPhone.Build.0 = Release|Any CPU
		{5B31012F-AEF6-49A9-8E60-8264B5DB7016}.Release|iPhone.Deploy.0 = Release|Any CPU
		{5B31012F-AEF6-49A9-8E60-8264B5DB7016}.Release|iPhoneSimulator.ActiveCfg = Release|Any CPU
		{5B31012F-AEF6-49A9-8E60-8264B5DB7016}.Release|iPhoneSimulator.Build.0 = Release|Any CPU
		{5B31012F-AEF6-49A9-8E60-8264B5DB7016}.Release|iPhoneSimulator.Deploy.0 = Release|Any CPU
		{5B31012F-AEF6-49A9-8E60-8264B5DB7016}.Release|x64.ActiveCfg = Release|Any CPU
		{5B31012F-AEF6-49A9-8E60-8264B5DB7016}.Release|x64.Build.0 = Release|Any CPU
		{5B31012F-AEF6-49A9-8E60-8264B5DB7016}.Release|x64.Deploy.0 = Release|Any CPU
		{5B31012F-AEF6-49A9-8E60-8264B5DB7016}.Release|x86.ActiveCfg = Release|Any CPU
		{5B31012F-AEF6-49A9-8E60-8264B5DB7016}.Release|x86.Build.0 = Release|Any CPU
		{5B31012F-AEF6-49A9-8E60-8264B5DB7016}.Release|x86.Deploy.0 = Release|Any CPU
		{B658597C-8B60-48BB-B313-EDB491CDBC22}.Ad-Hoc|Any CPU.ActiveCfg = Ad-Hoc|iPhone
		{B658597C-8B60-48BB-B313-EDB491CDBC22}.Ad-Hoc|ARM.ActiveCfg = Ad-Hoc|iPhone
		{B658597C-8B60-48BB-B313-EDB491CDBC22}.Ad-Hoc|ARM64.ActiveCfg = Ad-Hoc|iPhone
		{B658597C-8B60-48BB-B313-EDB491CDBC22}.Ad-Hoc|iPhone.ActiveCfg = Ad-Hoc|iPhone
		{B658597C-8B60-48BB-B313-EDB491CDBC22}.Ad-Hoc|iPhone.Build.0 = Ad-Hoc|iPhone
		{B658597C-8B60-48BB-B313-EDB491CDBC22}.Ad-Hoc|iPhoneSimulator.ActiveCfg = Ad-Hoc|iPhoneSimulator
		{B658597C-8B60-48BB-B313-EDB491CDBC22}.Ad-Hoc|iPhoneSimulator.Build.0 = Ad-Hoc|iPhoneSimulator
		{B658597C-8B60-48BB-B313-EDB491CDBC22}.Ad-Hoc|x64.ActiveCfg = Ad-Hoc|iPhone
		{B658597C-8B60-48BB-B313-EDB491CDBC22}.Ad-Hoc|x86.ActiveCfg = Ad-Hoc|iPhone
		{B658597C-8B60-48BB-B313-EDB491CDBC22}.AppStore|Any CPU.ActiveCfg = AppStore|iPhone
		{B658597C-8B60-48BB-B313-EDB491CDBC22}.AppStore|ARM.ActiveCfg = AppStore|iPhone
		{B658597C-8B60-48BB-B313-EDB491CDBC22}.AppStore|ARM64.ActiveCfg = AppStore|iPhone
		{B658597C-8B60-48BB-B313-EDB491CDBC22}.AppStore|iPhone.ActiveCfg = AppStore|iPhone
		{B658597C-8B60-48BB-B313-EDB491CDBC22}.AppStore|iPhone.Build.0 = AppStore|iPhone
		{B658597C-8B60-48BB-B313-EDB491CDBC22}.AppStore|iPhoneSimulator.ActiveCfg = AppStore|iPhoneSimulator
		{B658597C-8B60-48BB-B313-EDB491CDBC22}.AppStore|iPhoneSimulator.Build.0 = AppStore|iPhoneSimulator
		{B658597C-8B60-48BB-B313-EDB491CDBC22}.AppStore|x64.ActiveCfg = AppStore|iPhone
		{B658597C-8B60-48BB-B313-EDB491CDBC22}.AppStore|x86.ActiveCfg = AppStore|iPhone
		{B658597C-8B60-48BB-B313-EDB491CDBC22}.Debug|Any CPU.ActiveCfg = Debug|iPhone
		{B658597C-8B60-48BB-B313-EDB491CDBC22}.Debug|ARM.ActiveCfg = Debug|iPhone
		{B658597C-8B60-48BB-B313-EDB491CDBC22}.Debug|ARM64.ActiveCfg = Debug|iPhone
		{B658597C-8B60-48BB-B313-EDB491CDBC22}.Debug|iPhone.ActiveCfg = Debug|iPhone
		{B658597C-8B60-48BB-B313-EDB491CDBC22}.Debug|iPhone.Build.0 = Debug|iPhone
		{B658597C-8B60-48BB-B313-EDB491CDBC22}.Debug|iPhoneSimulator.ActiveCfg = Debug|iPhoneSimulator
		{B658597C-8B60-48BB-B313-EDB491CDBC22}.Debug|iPhoneSimulator.Build.0 = Debug|iPhoneSimulator
		{B658597C-8B60-48BB-B313-EDB491CDBC22}.Debug|x64.ActiveCfg = Debug|iPhone
		{B658597C-8B60-48BB-B313-EDB491CDBC22}.Debug|x86.ActiveCfg = Debug|iPhone
		{B658597C-8B60-48BB-B313-EDB491CDBC22}.Release|Any CPU.ActiveCfg = Release|iPhone
		{B658597C-8B60-48BB-B313-EDB491CDBC22}.Release|ARM.ActiveCfg = Release|iPhone
		{B658597C-8B60-48BB-B313-EDB491CDBC22}.Release|ARM64.ActiveCfg = Release|iPhone
		{B658597C-8B60-48BB-B313-EDB491CDBC22}.Release|iPhone.ActiveCfg = Release|iPhone
		{B658597C-8B60-48BB-B313-EDB491CDBC22}.Release|iPhone.Build.0 = Release|iPhone
		{B658597C-8B60-48BB-B313-EDB491CDBC22}.Release|iPhoneSimulator.ActiveCfg = Release|iPhoneSimulator
		{B658597C-8B60-48BB-B313-EDB491CDBC22}.Release|iPhoneSimulator.Build.0 = Release|iPhoneSimulator
		{B658597C-8B60-48BB-B313-EDB491CDBC22}.Release|x64.ActiveCfg = Release|iPhone
		{B658597C-8B60-48BB-B313-EDB491CDBC22}.Release|x86.ActiveCfg = Release|iPhone
		{E41EDE1F-01DA-4BD9-9758-3B6FDA9C4C45}.Ad-Hoc|Any CPU.ActiveCfg = Release|x86
		{E41EDE1F-01DA-4BD9-9758-3B6FDA9C4C45}.Ad-Hoc|ARM.ActiveCfg = Release|ARM
		{E41EDE1F-01DA-4BD9-9758-3B6FDA9C4C45}.Ad-Hoc|ARM.Build.0 = Release|ARM
		{E41EDE1F-01DA-4BD9-9758-3B6FDA9C4C45}.Ad-Hoc|ARM.Deploy.0 = Release|ARM
		{E41EDE1F-01DA-4BD9-9758-3B6FDA9C4C45}.Ad-Hoc|ARM64.ActiveCfg = Release|ARM64
		{E41EDE1F-01DA-4BD9-9758-3B6FDA9C4C45}.Ad-Hoc|ARM64.Build.0 = Release|ARM64
		{E41EDE1F-01DA-4BD9-9758-3B6FDA9C4C45}.Ad-Hoc|ARM64.Deploy.0 = Release|ARM64
		{E41EDE1F-01DA-4BD9-9758-3B6FDA9C4C45}.Ad-Hoc|iPhone.ActiveCfg = Release|x86
		{E41EDE1F-01DA-4BD9-9758-3B6FDA9C4C45}.Ad-Hoc|iPhoneSimulator.ActiveCfg = Release|x86
		{E41EDE1F-01DA-4BD9-9758-3B6FDA9C4C45}.Ad-Hoc|x64.ActiveCfg = Release|x64
		{E41EDE1F-01DA-4BD9-9758-3B6FDA9C4C45}.Ad-Hoc|x64.Build.0 = Release|x64
		{E41EDE1F-01DA-4BD9-9758-3B6FDA9C4C45}.Ad-Hoc|x64.Deploy.0 = Release|x64
		{E41EDE1F-01DA-4BD9-9758-3B6FDA9C4C45}.Ad-Hoc|x86.ActiveCfg = Release|x86
		{E41EDE1F-01DA-4BD9-9758-3B6FDA9C4C45}.Ad-Hoc|x86.Build.0 = Release|x86
		{E41EDE1F-01DA-4BD9-9758-3B6FDA9C4C45}.Ad-Hoc|x86.Deploy.0 = Release|x86
		{E41EDE1F-01DA-4BD9-9758-3B6FDA9C4C45}.AppStore|Any CPU.ActiveCfg = Release|x86
		{E41EDE1F-01DA-4BD9-9758-3B6FDA9C4C45}.AppStore|ARM.ActiveCfg = Release|ARM
		{E41EDE1F-01DA-4BD9-9758-3B6FDA9C4C45}.AppStore|ARM.Build.0 = Release|ARM
		{E41EDE1F-01DA-4BD9-9758-3B6FDA9C4C45}.AppStore|ARM.Deploy.0 = Release|ARM
		{E41EDE1F-01DA-4BD9-9758-3B6FDA9C4C45}.AppStore|ARM64.ActiveCfg = Release|ARM64
		{E41EDE1F-01DA-4BD9-9758-3B6FDA9C4C45}.AppStore|ARM64.Build.0 = Release|ARM64
		{E41EDE1F-01DA-4BD9-9758-3B6FDA9C4C45}.AppStore|ARM64.Deploy.0 = Release|ARM64
		{E41EDE1F-01DA-4BD9-9758-3B6FDA9C4C45}.AppStore|iPhone.ActiveCfg = Release|x86
		{E41EDE1F-01DA-4BD9-9758-3B6FDA9C4C45}.AppStore|iPhoneSimulator.ActiveCfg = Release|x86
		{E41EDE1F-01DA-4BD9-9758-3B6FDA9C4C45}.AppStore|x64.ActiveCfg = Release|x64
		{E41EDE1F-01DA-4BD9-9758-3B6FDA9C4C45}.AppStore|x64.Build.0 = Release|x64
		{E41EDE1F-01DA-4BD9-9758-3B6FDA9C4C45}.AppStore|x64.Deploy.0 = Release|x64
		{E41EDE1F-01DA-4BD9-9758-3B6FDA9C4C45}.AppStore|x86.ActiveCfg = Release|x86
		{E41EDE1F-01DA-4BD9-9758-3B6FDA9C4C45}.AppStore|x86.Build.0 = Release|x86
		{E41EDE1F-01DA-4BD9-9758-3B6FDA9C4C45}.AppStore|x86.Deploy.0 = Release|x86
		{E41EDE1F-01DA-4BD9-9758-3B6FDA9C4C45}.Debug|Any CPU.ActiveCfg = Debug|x86
		{E41EDE1F-01DA-4BD9-9758-3B6FDA9C4C45}.Debug|ARM.ActiveCfg = Debug|ARM
		{E41EDE1F-01DA-4BD9-9758-3B6FDA9C4C45}.Debug|ARM.Build.0 = Debug|ARM
		{E41EDE1F-01DA-4BD9-9758-3B6FDA9C4C45}.Debug|ARM.Deploy.0 = Debug|ARM
		{E41EDE1F-01DA-4BD9-9758-3B6FDA9C4C45}.Debug|ARM64.ActiveCfg = Debug|ARM64
		{E41EDE1F-01DA-4BD9-9758-3B6FDA9C4C45}.Debug|ARM64.Build.0 = Debug|ARM64
		{E41EDE1F-01DA-4BD9-9758-3B6FDA9C4C45}.Debug|ARM64.Deploy.0 = Debug|ARM64
		{E41EDE1F-01DA-4BD9-9758-3B6FDA9C4C45}.Debug|iPhone.ActiveCfg = Debug|x86
		{E41EDE1F-01DA-4BD9-9758-3B6FDA9C4C45}.Debug|iPhone.Build.0 = Debug|x86
		{E41EDE1F-01DA-4BD9-9758-3B6FDA9C4C45}.Debug|iPhone.Deploy.0 = Debug|x86
		{E41EDE1F-01DA-4BD9-9758-3B6FDA9C4C45}.Debug|iPhoneSimulator.ActiveCfg = Debug|x86
		{E41EDE1F-01DA-4BD9-9758-3B6FDA9C4C45}.Debug|x64.ActiveCfg = Debug|x64
		{E41EDE1F-01DA-4BD9-9758-3B6FDA9C4C45}.Debug|x64.Build.0 = Debug|x64
		{E41EDE1F-01DA-4BD9-9758-3B6FDA9C4C45}.Debug|x64.Deploy.0 = Debug|x64
		{E41EDE1F-01DA-4BD9-9758-3B6FDA9C4C45}.Debug|x86.ActiveCfg = Debug|x86
		{E41EDE1F-01DA-4BD9-9758-3B6FDA9C4C45}.Debug|x86.Build.0 = Debug|x86
		{E41EDE1F-01DA-4BD9-9758-3B6FDA9C4C45}.Debug|x86.Deploy.0 = Debug|x86
		{E41EDE1F-01DA-4BD9-9758-3B6FDA9C4C45}.Release|Any CPU.ActiveCfg = Release|x86
		{E41EDE1F-01DA-4BD9-9758-3B6FDA9C4C45}.Release|ARM.ActiveCfg = Release|ARM
		{E41EDE1F-01DA-4BD9-9758-3B6FDA9C4C45}.Release|ARM.Build.0 = Release|ARM
		{E41EDE1F-01DA-4BD9-9758-3B6FDA9C4C45}.Release|ARM.Deploy.0 = Release|ARM
		{E41EDE1F-01DA-4BD9-9758-3B6FDA9C4C45}.Release|ARM64.ActiveCfg = Release|ARM64
		{E41EDE1F-01DA-4BD9-9758-3B6FDA9C4C45}.Release|ARM64.Build.0 = Release|ARM64
		{E41EDE1F-01DA-4BD9-9758-3B6FDA9C4C45}.Release|ARM64.Deploy.0 = Release|ARM64
		{E41EDE1F-01DA-4BD9-9758-3B6FDA9C4C45}.Release|iPhone.ActiveCfg = Release|x86
		{E41EDE1F-01DA-4BD9-9758-3B6FDA9C4C45}.Release|iPhoneSimulator.ActiveCfg = Release|x86
		{E41EDE1F-01DA-4BD9-9758-3B6FDA9C4C45}.Release|x64.ActiveCfg = Release|x64
		{E41EDE1F-01DA-4BD9-9758-3B6FDA9C4C45}.Release|x64.Build.0 = Release|x64
		{E41EDE1F-01DA-4BD9-9758-3B6FDA9C4C45}.Release|x64.Deploy.0 = Release|x64
		{E41EDE1F-01DA-4BD9-9758-3B6FDA9C4C45}.Release|x86.ActiveCfg = Release|x86
		{E41EDE1F-01DA-4BD9-9758-3B6FDA9C4C45}.Release|x86.Build.0 = Release|x86
		{E41EDE1F-01DA-4BD9-9758-3B6FDA9C4C45}.Release|x86.Deploy.0 = Release|x86
		{683F9E80-C4C9-4846-8511-72B071E6343B}.Ad-Hoc|Any CPU.ActiveCfg = Debug|Any CPU
		{683F9E80-C4C9-4846-8511-72B071E6343B}.Ad-Hoc|Any CPU.Build.0 = Debug|Any CPU
		{683F9E80-C4C9-4846-8511-72B071E6343B}.Ad-Hoc|ARM.ActiveCfg = Debug|Any CPU
		{683F9E80-C4C9-4846-8511-72B071E6343B}.Ad-Hoc|ARM.Build.0 = Debug|Any CPU
		{683F9E80-C4C9-4846-8511-72B071E6343B}.Ad-Hoc|ARM64.ActiveCfg = Debug|Any CPU
		{683F9E80-C4C9-4846-8511-72B071E6343B}.Ad-Hoc|ARM64.Build.0 = Debug|Any CPU
		{683F9E80-C4C9-4846-8511-72B071E6343B}.Ad-Hoc|iPhone.ActiveCfg = Debug|Any CPU
		{683F9E80-C4C9-4846-8511-72B071E6343B}.Ad-Hoc|iPhone.Build.0 = Debug|Any CPU
		{683F9E80-C4C9-4846-8511-72B071E6343B}.Ad-Hoc|iPhoneSimulator.ActiveCfg = Debug|Any CPU
		{683F9E80-C4C9-4846-8511-72B071E6343B}.Ad-Hoc|iPhoneSimulator.Build.0 = Debug|Any CPU
		{683F9E80-C4C9-4846-8511-72B071E6343B}.Ad-Hoc|x64.ActiveCfg = Debug|Any CPU
		{683F9E80-C4C9-4846-8511-72B071E6343B}.Ad-Hoc|x64.Build.0 = Debug|Any CPU
		{683F9E80-C4C9-4846-8511-72B071E6343B}.Ad-Hoc|x86.ActiveCfg = Debug|Any CPU
		{683F9E80-C4C9-4846-8511-72B071E6343B}.Ad-Hoc|x86.Build.0 = Debug|Any CPU
		{683F9E80-C4C9-4846-8511-72B071E6343B}.AppStore|Any CPU.ActiveCfg = Debug|Any CPU
		{683F9E80-C4C9-4846-8511-72B071E6343B}.AppStore|Any CPU.Build.0 = Debug|Any CPU
		{683F9E80-C4C9-4846-8511-72B071E6343B}.AppStore|ARM.ActiveCfg = Debug|Any CPU
		{683F9E80-C4C9-4846-8511-72B071E6343B}.AppStore|ARM.Build.0 = Debug|Any CPU
		{683F9E80-C4C9-4846-8511-72B071E6343B}.AppStore|ARM64.ActiveCfg = Debug|Any CPU
		{683F9E80-C4C9-4846-8511-72B071E6343B}.AppStore|ARM64.Build.0 = Debug|Any CPU
		{683F9E80-C4C9-4846-8511-72B071E6343B}.AppStore|iPhone.ActiveCfg = Debug|Any CPU
		{683F9E80-C4C9-4846-8511-72B071E6343B}.AppStore|iPhone.Build.0 = Debug|Any CPU
		{683F9E80-C4C9-4846-8511-72B071E6343B}.AppStore|iPhoneSimulator.ActiveCfg = Debug|Any CPU
		{683F9E80-C4C9-4846-8511-72B071E6343B}.AppStore|iPhoneSimulator.Build.0 = Debug|Any CPU
		{683F9E80-C4C9-4846-8511-72B071E6343B}.AppStore|x64.ActiveCfg = Debug|Any CPU
		{683F9E80-C4C9-4846-8511-72B071E6343B}.AppStore|x64.Build.0 = Debug|Any CPU
		{683F9E80-C4C9-4846-8511-72B071E6343B}.AppStore|x86.ActiveCfg = Debug|Any CPU
		{683F9E80-C4C9-4846-8511-72B071E6343B}.AppStore|x86.Build.0 = Debug|Any CPU
		{683F9E80-C4C9-4846-8511-72B071E6343B}.Debug|Any CPU.ActiveCfg = Debug|Any CPU
		{683F9E80-C4C9-4846-8511-72B071E6343B}.Debug|Any CPU.Build.0 = Debug|Any CPU
		{683F9E80-C4C9-4846-8511-72B071E6343B}.Debug|ARM.ActiveCfg = Debug|Any CPU
		{683F9E80-C4C9-4846-8511-72B071E6343B}.Debug|ARM.Build.0 = Debug|Any CPU
		{683F9E80-C4C9-4846-8511-72B071E6343B}.Debug|ARM64.ActiveCfg = Debug|Any CPU
		{683F9E80-C4C9-4846-8511-72B071E6343B}.Debug|ARM64.Build.0 = Debug|Any CPU
		{683F9E80-C4C9-4846-8511-72B071E6343B}.Debug|iPhone.ActiveCfg = Debug|Any CPU
		{683F9E80-C4C9-4846-8511-72B071E6343B}.Debug|iPhone.Build.0 = Debug|Any CPU
		{683F9E80-C4C9-4846-8511-72B071E6343B}.Debug|iPhoneSimulator.ActiveCfg = Debug|Any CPU
		{683F9E80-C4C9-4846-8511-72B071E6343B}.Debug|iPhoneSimulator.Build.0 = Debug|Any CPU
		{683F9E80-C4C9-4846-8511-72B071E6343B}.Debug|x64.ActiveCfg = Debug|Any CPU
		{683F9E80-C4C9-4846-8511-72B071E6343B}.Debug|x64.Build.0 = Debug|Any CPU
		{683F9E80-C4C9-4846-8511-72B071E6343B}.Debug|x86.ActiveCfg = Debug|Any CPU
		{683F9E80-C4C9-4846-8511-72B071E6343B}.Debug|x86.Build.0 = Debug|Any CPU
		{683F9E80-C4C9-4846-8511-72B071E6343B}.Release|Any CPU.ActiveCfg = Release|Any CPU
		{683F9E80-C4C9-4846-8511-72B071E6343B}.Release|Any CPU.Build.0 = Release|Any CPU
		{683F9E80-C4C9-4846-8511-72B071E6343B}.Release|ARM.ActiveCfg = Release|Any CPU
		{683F9E80-C4C9-4846-8511-72B071E6343B}.Release|ARM.Build.0 = Release|Any CPU
		{683F9E80-C4C9-4846-8511-72B071E6343B}.Release|ARM64.ActiveCfg = Release|Any CPU
		{683F9E80-C4C9-4846-8511-72B071E6343B}.Release|ARM64.Build.0 = Release|Any CPU
		{683F9E80-C4C9-4846-8511-72B071E6343B}.Release|iPhone.ActiveCfg = Release|Any CPU
		{683F9E80-C4C9-4846-8511-72B071E6343B}.Release|iPhone.Build.0 = Release|Any CPU
		{683F9E80-C4C9-4846-8511-72B071E6343B}.Release|iPhoneSimulator.ActiveCfg = Release|Any CPU
		{683F9E80-C4C9-4846-8511-72B071E6343B}.Release|iPhoneSimulator.Build.0 = Release|Any CPU
		{683F9E80-C4C9-4846-8511-72B071E6343B}.Release|x64.ActiveCfg = Release|Any CPU
		{683F9E80-C4C9-4846-8511-72B071E6343B}.Release|x64.Build.0 = Release|Any CPU
		{683F9E80-C4C9-4846-8511-72B071E6343B}.Release|x86.ActiveCfg = Release|Any CPU
		{683F9E80-C4C9-4846-8511-72B071E6343B}.Release|x86.Build.0 = Release|Any CPU
	EndGlobalSection
	GlobalSection(SolutionProperties) = preSolution
		HideSolutionNode = FALSE
	EndGlobalSection
	GlobalSection(ExtensibilityGlobals) = postSolution
		SolutionGuid = {30E6B7D6-B1FA-4221-B189-61CE28D69249}
	EndGlobalSection
EndGlobal
